
Microsoft Visual Studio Solution File, Format Version 12.00
# Visual Studio Version 17
VisualStudioVersion = 17.4.33110.190
MinimumVisualStudioVersion = 10.0.40219.1
Project("{FAE04EC0-301F-11D3-BF4B-00C04F79EFBC}") = "3-2-methodOverriding", "3-2-methodOverriding\3-2-methodOverriding.csproj", "{5AB46EE9-DF83-41B7-B494-1C610B969D5C}"
EndProject
Global
	GlobalSection(SolutionConfigurationPlatforms) = preSolution
		Debug|Any CPU = Debug|Any CPU
		Release|Any CPU = Release|Any CPU
	EndGlobalSection
	GlobalSection(ProjectConfigurationPlatforms) = postSolution
		{5AB46EE9-DF83-41B7-B494-1C610B969D5C}.Debug|Any CPU.ActiveCfg = Debug|Any CPU
		{5AB46EE9-DF83-41B7-B494-1C610B969D5C}.Debug|Any CPU.Build.0 = Debug|Any CPU
		{5AB46EE9-DF83-41B7-B494-1C610B969D5C}.Release|Any CPU.ActiveCfg = Release|Any CPU
		{5AB46EE9-DF83-41B7-B494-1C610B969D5C}.Release|Any CPU.Build.0 = Release|Any CPU
	EndGlobalSection
	GlobalSection(SolutionProperties) = preSolution
		HideSolutionNode = FALSE
	EndGlobalSection
	GlobalSection(ExtensibilityGlobals) = postSolution
		SolutionGuid = {52796062-35FA-4534-A2CA-3C7CA9765A0D}
	EndGlobalSection
EndGlobal
