
Microsoft Visual Studio Solution File, Format Version 12.00
# Visual Studio Version 17
VisualStudioVersion = 17.2.32616.157
MinimumVisualStudioVersion = 10.0.40219.1
Project("{FAE04EC0-301F-11D3-BF4B-00C04F79EFBC}") = "SMS", "SMS\SMS.csproj", "{166DADA0-1BBF-4979-9022-887143768C0F}"
EndProject
Global
	GlobalSection(SolutionConfigurationPlatforms) = preSolution
		Debug|Any CPU = Debug|Any CPU
		Release|Any CPU = Release|Any CPU
	EndGlobalSection
	GlobalSection(ProjectConfigurationPlatforms) = postSolution
		{166DADA0-1BBF-4979-9022-887143768C0F}.Debug|Any CPU.ActiveCfg = Debug|Any CPU
		{166DADA0-1BBF-4979-9022-887143768C0F}.Debug|Any CPU.Build.0 = Debug|Any CPU
		{166DADA0-1BBF-4979-9022-887143768C0F}.Release|Any CPU.ActiveCfg = Release|Any CPU
		{166DADA0-1BBF-4979-9022-887143768C0F}.Release|Any CPU.Build.0 = Release|Any CPU
	EndGlobalSection
	GlobalSection(SolutionProperties) = preSolution
		HideSolutionNode = FALSE
	EndGlobalSection
	GlobalSection(ExtensibilityGlobals) = postSolution
		SolutionGuid = {D5AC813D-B3B9-4F7D-A6DF-89E0C8A06C08}
	EndGlobalSection
EndGlobal
