
Microsoft Visual Studio Solution File, Format Version 12.00
# Visual Studio Version 17
VisualStudioVersion = 17.4.33110.190
MinimumVisualStudioVersion = 10.0.40219.1
Project("{FAE04EC0-301F-11D3-BF4B-00C04F79EFBC}") = "SQL ADO.Net", "SQL ADO.Net\SQL ADO.Net.csproj", "{EBAA4D3C-D2C5-4430-B38C-7010671FE7E6}"
EndProject
Global
	GlobalSection(SolutionConfigurationPlatforms) = preSolution
		Debug|Any CPU = Debug|Any CPU
		Release|Any CPU = Release|Any CPU
	EndGlobalSection
	GlobalSection(ProjectConfigurationPlatforms) = postSolution
		{EBAA4D3C-D2C5-4430-B38C-7010671FE7E6}.Debug|Any CPU.ActiveCfg = Debug|Any CPU
		{EBAA4D3C-D2C5-4430-B38C-7010671FE7E6}.Debug|Any CPU.Build.0 = Debug|Any CPU
		{EBAA4D3C-D2C5-4430-B38C-7010671FE7E6}.Release|Any CPU.ActiveCfg = Release|Any CPU
		{EBAA4D3C-D2C5-4430-B38C-7010671FE7E6}.Release|Any CPU.Build.0 = Release|Any CPU
	EndGlobalSection
	GlobalSection(SolutionProperties) = preSolution
		HideSolutionNode = FALSE
	EndGlobalSection
	GlobalSection(ExtensibilityGlobals) = postSolution
		SolutionGuid = {3D2877E9-A3A8-4F5C-85C4-158C004FD294}
	EndGlobalSection
EndGlobal
