
Microsoft Visual Studio Solution File, Format Version 12.00
# Visual Studio Version 17
VisualStudioVersion = 17.4.33110.190
MinimumVisualStudioVersion = 10.0.40219.1
Project("{FAE04EC0-301F-11D3-BF4B-00C04F79EFBC}") = "1-4-strongPassword", "1-4-strongPassword\1-4-strongPassword.csproj", "{94774A93-48B9-4FD5-A92E-2E4FF6D98030}"
EndProject
Global
	GlobalSection(SolutionConfigurationPlatforms) = preSolution
		Debug|Any CPU = Debug|Any CPU
		Release|Any CPU = Release|Any CPU
	EndGlobalSection
	GlobalSection(ProjectConfigurationPlatforms) = postSolution
		{94774A93-48B9-4FD5-A92E-2E4FF6D98030}.Debug|Any CPU.ActiveCfg = Debug|Any CPU
		{94774A93-48B9-4FD5-A92E-2E4FF6D98030}.Debug|Any CPU.Build.0 = Debug|Any CPU
		{94774A93-48B9-4FD5-A92E-2E4FF6D98030}.Release|Any CPU.ActiveCfg = Release|Any CPU
		{94774A93-48B9-4FD5-A92E-2E4FF6D98030}.Release|Any CPU.Build.0 = Release|Any CPU
	EndGlobalSection
	GlobalSection(SolutionProperties) = preSolution
		HideSolutionNode = FALSE
	EndGlobalSection
	GlobalSection(ExtensibilityGlobals) = postSolution
		SolutionGuid = {3362FA97-CA21-42A0-AB9F-6754EFDF73A3}
	EndGlobalSection
EndGlobal
