
Microsoft Visual Studio Solution File, Format Version 12.00
# Visual Studio Version 17
VisualStudioVersion = 17.4.33110.190
MinimumVisualStudioVersion = 10.0.40219.1
Project("{FAE04EC0-301F-11D3-BF4B-00C04F79EFBC}") = "1-2-superReducedString", "1-2-superReducedString\1-2-superReducedString.csproj", "{251AC4E1-E7E2-4A76-A1FC-0CBBC94712DA}"
EndProject
Global
	GlobalSection(SolutionConfigurationPlatforms) = preSolution
		Debug|Any CPU = Debug|Any CPU
		Release|Any CPU = Release|Any CPU
	EndGlobalSection
	GlobalSection(ProjectConfigurationPlatforms) = postSolution
		{251AC4E1-E7E2-4A76-A1FC-0CBBC94712DA}.Debug|Any CPU.ActiveCfg = Debug|Any CPU
		{251AC4E1-E7E2-4A76-A1FC-0CBBC94712DA}.Debug|Any CPU.Build.0 = Debug|Any CPU
		{251AC4E1-E7E2-4A76-A1FC-0CBBC94712DA}.Release|Any CPU.ActiveCfg = Release|Any CPU
		{251AC4E1-E7E2-4A76-A1FC-0CBBC94712DA}.Release|Any CPU.Build.0 = Release|Any CPU
	EndGlobalSection
	GlobalSection(SolutionProperties) = preSolution
		HideSolutionNode = FALSE
	EndGlobalSection
	GlobalSection(ExtensibilityGlobals) = postSolution
		SolutionGuid = {349A6730-69DA-4B26-83B7-468212278FAC}
	EndGlobalSection
EndGlobal
