
Microsoft Visual Studio Solution File, Format Version 12.00
# Visual Studio Version 17
VisualStudioVersion = 17.4.33110.190
MinimumVisualStudioVersion = 10.0.40219.1
Project("{FAE04EC0-301F-11D3-BF4B-00C04F79EFBC}") = "6-4-stairCase", "6-4-stairCase\6-4-stairCase.csproj", "{647962A7-C7C3-4999-B5F9-84955858E5DF}"
EndProject
Global
	GlobalSection(SolutionConfigurationPlatforms) = preSolution
		Debug|Any CPU = Debug|Any CPU
		Release|Any CPU = Release|Any CPU
	EndGlobalSection
	GlobalSection(ProjectConfigurationPlatforms) = postSolution
		{647962A7-C7C3-4999-B5F9-84955858E5DF}.Debug|Any CPU.ActiveCfg = Debug|Any CPU
		{647962A7-C7C3-4999-B5F9-84955858E5DF}.Debug|Any CPU.Build.0 = Debug|Any CPU
		{647962A7-C7C3-4999-B5F9-84955858E5DF}.Release|Any CPU.ActiveCfg = Release|Any CPU
		{647962A7-C7C3-4999-B5F9-84955858E5DF}.Release|Any CPU.Build.0 = Release|Any CPU
	EndGlobalSection
	GlobalSection(SolutionProperties) = preSolution
		HideSolutionNode = FALSE
	EndGlobalSection
	GlobalSection(ExtensibilityGlobals) = postSolution
		SolutionGuid = {AB33BB12-8299-4E07-8054-75B9EC95F133}
	EndGlobalSection
EndGlobal
