
Microsoft Visual Studio Solution File, Format Version 12.00
# Visual Studio Version 17
VisualStudioVersion = 17.4.33110.190
MinimumVisualStudioVersion = 10.0.40219.1
Project("{FAE04EC0-301F-11D3-BF4B-00C04F79EFBC}") = "6-6-insertAtHead", "6-6-insertAtHead\6-6-insertAtHead.csproj", "{A1B5E4FC-3EC4-4139-8592-A735DC15015F}"
EndProject
Global
	GlobalSection(SolutionConfigurationPlatforms) = preSolution
		Debug|Any CPU = Debug|Any CPU
		Release|Any CPU = Release|Any CPU
	EndGlobalSection
	GlobalSection(ProjectConfigurationPlatforms) = postSolution
		{A1B5E4FC-3EC4-4139-8592-A735DC15015F}.Debug|Any CPU.ActiveCfg = Debug|Any CPU
		{A1B5E4FC-3EC4-4139-8592-A735DC15015F}.Debug|Any CPU.Build.0 = Debug|Any CPU
		{A1B5E4FC-3EC4-4139-8592-A735DC15015F}.Release|Any CPU.ActiveCfg = Release|Any CPU
		{A1B5E4FC-3EC4-4139-8592-A735DC15015F}.Release|Any CPU.Build.0 = Release|Any CPU
	EndGlobalSection
	GlobalSection(SolutionProperties) = preSolution
		HideSolutionNode = FALSE
	EndGlobalSection
	GlobalSection(ExtensibilityGlobals) = postSolution
		SolutionGuid = {29F15BF6-8B77-4A7E-A4E0-262856106360}
	EndGlobalSection
EndGlobal
