
Microsoft Visual Studio Solution File, Format Version 12.00
# Visual Studio Version 17
VisualStudioVersion = 17.4.33110.190
MinimumVisualStudioVersion = 10.0.40219.1
Project("{FAE04EC0-301F-11D3-BF4B-00C04F79EFBC}") = "6-6-insertAtSpecificPosition", "6-6-insertAtSpecificPosition\6-6-insertAtSpecificPosition.csproj", "{C33B1F31-967A-447C-B737-481E978E7846}"
EndProject
Global
	GlobalSection(SolutionConfigurationPlatforms) = preSolution
		Debug|Any CPU = Debug|Any CPU
		Release|Any CPU = Release|Any CPU
	EndGlobalSection
	GlobalSection(ProjectConfigurationPlatforms) = postSolution
		{C33B1F31-967A-447C-B737-481E978E7846}.Debug|Any CPU.ActiveCfg = Debug|Any CPU
		{C33B1F31-967A-447C-B737-481E978E7846}.Debug|Any CPU.Build.0 = Debug|Any CPU
		{C33B1F31-967A-447C-B737-481E978E7846}.Release|Any CPU.ActiveCfg = Release|Any CPU
		{C33B1F31-967A-447C-B737-481E978E7846}.Release|Any CPU.Build.0 = Release|Any CPU
	EndGlobalSection
	GlobalSection(SolutionProperties) = preSolution
		HideSolutionNode = FALSE
	EndGlobalSection
	GlobalSection(ExtensibilityGlobals) = postSolution
		SolutionGuid = {7CD4E6EE-6FCB-4ABD-9E4A-2E0081951B43}
	EndGlobalSection
EndGlobal
