
Microsoft Visual Studio Solution File, Format Version 12.00
# Visual Studio Version 17
VisualStudioVersion = 17.4.33110.190
MinimumVisualStudioVersion = 10.0.40219.1
Project("{FAE04EC0-301F-11D3-BF4B-00C04F79EFBC}") = "2-3-diagonalDifference", "2-3-diagonalDifference\2-3-diagonalDifference.csproj", "{C37A6AA0-5EDB-4A91-B3CB-3FD57EF2A35A}"
EndProject
Global
	GlobalSection(SolutionConfigurationPlatforms) = preSolution
		Debug|Any CPU = Debug|Any CPU
		Release|Any CPU = Release|Any CPU
	EndGlobalSection
	GlobalSection(ProjectConfigurationPlatforms) = postSolution
		{C37A6AA0-5EDB-4A91-B3CB-3FD57EF2A35A}.Debug|Any CPU.ActiveCfg = Debug|Any CPU
		{C37A6AA0-5EDB-4A91-B3CB-3FD57EF2A35A}.Debug|Any CPU.Build.0 = Debug|Any CPU
		{C37A6AA0-5EDB-4A91-B3CB-3FD57EF2A35A}.Release|Any CPU.ActiveCfg = Release|Any CPU
		{C37A6AA0-5EDB-4A91-B3CB-3FD57EF2A35A}.Release|Any CPU.Build.0 = Release|Any CPU
	EndGlobalSection
	GlobalSection(SolutionProperties) = preSolution
		HideSolutionNode = FALSE
	EndGlobalSection
	GlobalSection(ExtensibilityGlobals) = postSolution
		SolutionGuid = {DD5EA6C7-38D5-4201-A08C-D85BAD650D5C}
	EndGlobalSection
EndGlobal
