
Microsoft Visual Studio Solution File, Format Version 12.00
# Visual Studio Version 17
VisualStudioVersion = 17.4.33110.190
MinimumVisualStudioVersion = 10.0.40219.1
Project("{FAE04EC0-301F-11D3-BF4B-00C04F79EFBC}") = "4-7-Array-DS", "4-7-Array-DS\4-7-Array-DS.csproj", "{582EF54B-9996-4178-8409-2D8A49A316E2}"
EndProject
Global
	GlobalSection(SolutionConfigurationPlatforms) = preSolution
		Debug|Any CPU = Debug|Any CPU
		Release|Any CPU = Release|Any CPU
	EndGlobalSection
	GlobalSection(ProjectConfigurationPlatforms) = postSolution
		{582EF54B-9996-4178-8409-2D8A49A316E2}.Debug|Any CPU.ActiveCfg = Debug|Any CPU
		{582EF54B-9996-4178-8409-2D8A49A316E2}.Debug|Any CPU.Build.0 = Debug|Any CPU
		{582EF54B-9996-4178-8409-2D8A49A316E2}.Release|Any CPU.ActiveCfg = Release|Any CPU
		{582EF54B-9996-4178-8409-2D8A49A316E2}.Release|Any CPU.Build.0 = Release|Any CPU
	EndGlobalSection
	GlobalSection(SolutionProperties) = preSolution
		HideSolutionNode = FALSE
	EndGlobalSection
	GlobalSection(ExtensibilityGlobals) = postSolution
		SolutionGuid = {764827A4-E008-48FF-A95D-7C0BD227A95A}
	EndGlobalSection
EndGlobal
