
Microsoft Visual Studio Solution File, Format Version 12.00
# Visual Studio Version 17
VisualStudioVersion = 17.4.33110.190
MinimumVisualStudioVersion = 10.0.40219.1
Project("{FAE04EC0-301F-11D3-BF4B-00C04F79EFBC}") = "6-6-insertAtTail", "6-6-insertAtTail\6-6-insertAtTail.csproj", "{971F2AD7-CEA8-428B-B1CD-4B4A7CEB2B20}"
EndProject
Global
	GlobalSection(SolutionConfigurationPlatforms) = preSolution
		Debug|Any CPU = Debug|Any CPU
		Release|Any CPU = Release|Any CPU
	EndGlobalSection
	GlobalSection(ProjectConfigurationPlatforms) = postSolution
		{971F2AD7-CEA8-428B-B1CD-4B4A7CEB2B20}.Debug|Any CPU.ActiveCfg = Debug|Any CPU
		{971F2AD7-CEA8-428B-B1CD-4B4A7CEB2B20}.Debug|Any CPU.Build.0 = Debug|Any CPU
		{971F2AD7-CEA8-428B-B1CD-4B4A7CEB2B20}.Release|Any CPU.ActiveCfg = Release|Any CPU
		{971F2AD7-CEA8-428B-B1CD-4B4A7CEB2B20}.Release|Any CPU.Build.0 = Release|Any CPU
	EndGlobalSection
	GlobalSection(SolutionProperties) = preSolution
		HideSolutionNode = FALSE
	EndGlobalSection
	GlobalSection(ExtensibilityGlobals) = postSolution
		SolutionGuid = {D07558EC-B952-409D-8399-CC898E01AA3A}
	EndGlobalSection
EndGlobal
